
Microsoft Visual Studio Solution File, Format Version 12.00
# Visual Studio Version 17
VisualStudioVersion = 17.12.35527.113
MinimumVisualStudioVersion = 10.0.40219.1
Project("{FAE04EC0-301F-11D3-BF4B-00C04F79EFBC}") = "EF6_0402", "EF6_0302\EF6_0402.csproj", "{E35B32E8-58F2-4604-965C-54C544A1840B}"
EndProject
Project("{FAE04EC0-301F-11D3-BF4B-00C04F79EFBC}") = "1_EF_DbLibrary", "1_EF_DbLibrary\1_EF_DbLibrary\1_EF_DbLibrary.csproj", "{F3CE11C7-0501-4615-9D6E-2D9621E67C4D}"
EndProject
Project("{FAE04EC0-301F-11D3-BF4B-00C04F79EFBC}") = "Inventory_Models", "Inventory_Models\Inventory_Models.csproj", "{259E6F2B-7321-44AF-B468-6C712D028C04}"
EndProject
Project("{FAE04EC0-301F-11D3-BF4B-00C04F79EFBC}") = "Inventory_Helpers", "Inventory_Helpers\Inventory_Helpers.csproj", "{ACA066D0-51E6-4A6B-8C57-16B7773CA788}"
EndProject
Global
	GlobalSection(SolutionConfigurationPlatforms) = preSolution
		Debug|Any CPU = Debug|Any CPU
		Release|Any CPU = Release|Any CPU
	EndGlobalSection
	GlobalSection(ProjectConfigurationPlatforms) = postSolution
		{E35B32E8-58F2-4604-965C-54C544A1840B}.Debug|Any CPU.ActiveCfg = Debug|Any CPU
		{E35B32E8-58F2-4604-965C-54C544A1840B}.Debug|Any CPU.Build.0 = Debug|Any CPU
		{E35B32E8-58F2-4604-965C-54C544A1840B}.Release|Any CPU.ActiveCfg = Release|Any CPU
		{E35B32E8-58F2-4604-965C-54C544A1840B}.Release|Any CPU.Build.0 = Release|Any CPU
		{F3CE11C7-0501-4615-9D6E-2D9621E67C4D}.Debug|Any CPU.ActiveCfg = Debug|Any CPU
		{F3CE11C7-0501-4615-9D6E-2D9621E67C4D}.Debug|Any CPU.Build.0 = Debug|Any CPU
		{F3CE11C7-0501-4615-9D6E-2D9621E67C4D}.Release|Any CPU.ActiveCfg = Release|Any CPU
		{F3CE11C7-0501-4615-9D6E-2D9621E67C4D}.Release|Any CPU.Build.0 = Release|Any CPU
		{259E6F2B-7321-44AF-B468-6C712D028C04}.Debug|Any CPU.ActiveCfg = Debug|Any CPU
		{259E6F2B-7321-44AF-B468-6C712D028C04}.Debug|Any CPU.Build.0 = Debug|Any CPU
		{259E6F2B-7321-44AF-B468-6C712D028C04}.Release|Any CPU.ActiveCfg = Release|Any CPU
		{259E6F2B-7321-44AF-B468-6C712D028C04}.Release|Any CPU.Build.0 = Release|Any CPU
		{ACA066D0-51E6-4A6B-8C57-16B7773CA788}.Debug|Any CPU.ActiveCfg = Debug|Any CPU
		{ACA066D0-51E6-4A6B-8C57-16B7773CA788}.Debug|Any CPU.Build.0 = Debug|Any CPU
		{ACA066D0-51E6-4A6B-8C57-16B7773CA788}.Release|Any CPU.ActiveCfg = Release|Any CPU
		{ACA066D0-51E6-4A6B-8C57-16B7773CA788}.Release|Any CPU.Build.0 = Release|Any CPU
	EndGlobalSection
	GlobalSection(SolutionProperties) = preSolution
		HideSolutionNode = FALSE
	EndGlobalSection
	GlobalSection(ExtensibilityGlobals) = postSolution
		SolutionGuid = {02A8B721-53C6-4552-9446-B9B66046DF8C}
	EndGlobalSection
EndGlobal
